PODS:
  - DanmakuKit/Core (1.5.2)
  - DanmakuKit/SwiftUI (1.5.2):
    - DanmakuKit/Core

DEPENDENCIES:
  - DanmakuKit/Core (from `../`)
  - DanmakuKit/SwiftUI (from `../`)

EXTERNAL SOURCES:
  DanmakuKit:
    :path: "../"

SPEC CHECKSUMS:
  DanmakuKit: 97302f7335ba23d3c7c6e93733af6287cfc7f65a

PODFILE CHECKSUM: 5f559e0f18df29f2fc21f7878327418e10c71001

COCOAPODS: 1.16.2
